
Microsoft Visual Studio Solution File, Format Version 12.00
# Visual Studio Version 17
VisualStudioVersion = 17.0.32002.185
MinimumVisualStudioVersion = 10.0.40219.1
Project("{FAE04EC0-301F-11D3-BF4B-00C04F79EFBC}") = "PMetrium.Native.Metrics.Android", "PMetrium.Native.Metrics.Android\PMetrium.Native.Metrics.Android.csproj", "{5197AF9B-1E78-4BEB-B7DC-E2605E0DEF61}"
EndProject
Project("{FAE04EC0-301F-11D3-BF4B-00C04F79EFBC}") = "PMetrium.Native.Host", "PMetrium.Native.Host\PMetrium.Native.Host.csproj", "{C9D9BB98-51A6-4665-ABF7-6EEC3467CDFE}"
EndProject
Project("{FAE04EC0-301F-11D3-BF4B-00C04F79EFBC}") = "PMetrium.Native.Common", "PMetrium.Native.Common\PMetrium.Native.Common.csproj", "{17E12126-DED9-4ADC-A208-AD3D163582AF}"
EndProject
Project("{FAE04EC0-301F-11D3-BF4B-00C04F79EFBC}") = "PMetrium.Native.IOS", "PMetrium.Native.IOS\PMetrium.Native.IOS.csproj", "{E30F1FBC-ED63-4DB4-8FAA-C72B48BE80FD}"
EndProject
Global
	GlobalSection(SolutionConfigurationPlatforms) = preSolution
		Debug|Any CPU = Debug|Any CPU
		Release|Any CPU = Release|Any CPU
	EndGlobalSection
	GlobalSection(ProjectConfigurationPlatforms) = postSolution
		{5197AF9B-1E78-4BEB-B7DC-E2605E0DEF61}.Debug|Any CPU.ActiveCfg = Debug|Any CPU
		{5197AF9B-1E78-4BEB-B7DC-E2605E0DEF61}.Debug|Any CPU.Build.0 = Debug|Any CPU
		{5197AF9B-1E78-4BEB-B7DC-E2605E0DEF61}.Release|Any CPU.ActiveCfg = Release|Any CPU
		{5197AF9B-1E78-4BEB-B7DC-E2605E0DEF61}.Release|Any CPU.Build.0 = Release|Any CPU
		{C9D9BB98-51A6-4665-ABF7-6EEC3467CDFE}.Debug|Any CPU.ActiveCfg = Debug|Any CPU
		{C9D9BB98-51A6-4665-ABF7-6EEC3467CDFE}.Debug|Any CPU.Build.0 = Debug|Any CPU
		{C9D9BB98-51A6-4665-ABF7-6EEC3467CDFE}.Release|Any CPU.ActiveCfg = Release|Any CPU
		{C9D9BB98-51A6-4665-ABF7-6EEC3467CDFE}.Release|Any CPU.Build.0 = Release|Any CPU
		{17E12126-DED9-4ADC-A208-AD3D163582AF}.Debug|Any CPU.ActiveCfg = Debug|Any CPU
		{17E12126-DED9-4ADC-A208-AD3D163582AF}.Debug|Any CPU.Build.0 = Debug|Any CPU
		{17E12126-DED9-4ADC-A208-AD3D163582AF}.Release|Any CPU.ActiveCfg = Release|Any CPU
		{17E12126-DED9-4ADC-A208-AD3D163582AF}.Release|Any CPU.Build.0 = Release|Any CPU
		{E30F1FBC-ED63-4DB4-8FAA-C72B48BE80FD}.Debug|Any CPU.ActiveCfg = Debug|Any CPU
		{E30F1FBC-ED63-4DB4-8FAA-C72B48BE80FD}.Debug|Any CPU.Build.0 = Debug|Any CPU
		{E30F1FBC-ED63-4DB4-8FAA-C72B48BE80FD}.Release|Any CPU.ActiveCfg = Release|Any CPU
		{E30F1FBC-ED63-4DB4-8FAA-C72B48BE80FD}.Release|Any CPU.Build.0 = Release|Any CPU
	EndGlobalSection
	GlobalSection(SolutionProperties) = preSolution
		HideSolutionNode = FALSE
	EndGlobalSection
	GlobalSection(ExtensibilityGlobals) = postSolution
		SolutionGuid = {37E4FB11-F7BF-497E-8119-E0A768C350FD}
	EndGlobalSection
EndGlobal
